
Microsoft Visual Studio Solution File, Format Version 12.00
# Visual Studio Version 17
VisualStudioVersion = 17.6.33815.320
MinimumVisualStudioVersion = 10.0.40219.1
Project("{FAE04EC0-301F-11D3-BF4B-00C04F79EFBC}") = "MDK-02-01-2", "MDK-02-01-2\MDK-02-01-2.csproj", "{BD0BB348-FF4A-45C6-9C6E-26A66694D309}"
EndProject
Global
	GlobalSection(SolutionConfigurationPlatforms) = preSolution
		Debug|Any CPU = Debug|Any CPU
		Release|Any CPU = Release|Any CPU
	EndGlobalSection
	GlobalSection(ProjectConfigurationPlatforms) = postSolution
		{BD0BB348-FF4A-45C6-9C6E-26A66694D309}.Debug|Any CPU.ActiveCfg = Debug|Any CPU
		{BD0BB348-FF4A-45C6-9C6E-26A66694D309}.Debug|Any CPU.Build.0 = Debug|Any CPU
		{BD0BB348-FF4A-45C6-9C6E-26A66694D309}.Release|Any CPU.ActiveCfg = Release|Any CPU
		{BD0BB348-FF4A-45C6-9C6E-26A66694D309}.Release|Any CPU.Build.0 = Release|Any CPU
	EndGlobalSection
	GlobalSection(SolutionProperties) = preSolution
		HideSolutionNode = FALSE
	EndGlobalSection
	GlobalSection(ExtensibilityGlobals) = postSolution
		SolutionGuid = {B262B1A8-CA5B-49F7-A425-AF6BDCA986BC}
	EndGlobalSection
EndGlobal
